// !$*UTF8*$!
{
	archiveVersion = 1;
	classes = {
	};
	objectVersion = 56;
	objects = {

/* Begin PBXBuildFile section */
		F53389442C35574A00B8642D /* MarvelComicsAppApp.swift in Sources */ = {isa = PBXBuildFile; fileRef = F53389432C35574A00B8642D /* MarvelComicsAppApp.swift */; };
		F53389462C35574A00B8642D /* ContentView.swift in Sources */ = {isa = PBXBuildFile; fileRef = F53389452C35574A00B8642D /* ContentView.swift */; };
		F53389482C35574C00B8642D /* Assets.xcassets in Resources */ = {isa = PBXBuildFile; fileRef = F53389472C35574C00B8642D /* Assets.xcassets */; };
		F533894B2C35574C00B8642D /* Preview Assets.xcassets in Resources */ = {isa = PBXBuildFile; fileRef = F533894A2C35574C00B8642D /* Preview Assets.xcassets */; };
		F53389582C3558E600B8642D /* Constants.swift in Sources */ = {isa = PBXBuildFile; fileRef = F53389572C3558E600B8642D /* Constants.swift */; };
		F533895A2C35594700B8642D /* Comic.swift in Sources */ = {isa = PBXBuildFile; fileRef = F53389592C35594600B8642D /* Comic.swift */; };
		F533895C2C35596E00B8642D /* MarvelAPIClient.swift in Sources */ = {isa = PBXBuildFile; fileRef = F533895B2C35596E00B8642D /* MarvelAPIClient.swift */; };
		F533895E2C3559A400B8642D /* ComicsViewModel.swift in Sources */ = {isa = PBXBuildFile; fileRef = F533895D2C3559A300B8642D /* ComicsViewModel.swift */; };
		F53389602C3559F200B8642D /* ComicRowView.swift in Sources */ = {isa = PBXBuildFile; fileRef = F533895F2C3559F200B8642D /* ComicRowView.swift */; };
/* End PBXBuildFile section */

/* Begin PBXFileReference section */
		F53389402C35574A00B8642D /* MarvelComicsApp.app */ = {isa = PBXFileReference; explicitFileType = wrapper.application; includeInIndex = 0; path = MarvelComicsApp.app; sourceTree = BUILT_PRODUCTS_DIR; };
		F53389432C35574A00B8642D /* MarvelComicsAppApp.swift */ = {isa = PBXFileReference; lastKnownFileType = sourcecode.swift; path = MarvelComicsAppApp.swift; sourceTree = "<group>"; };
		F53389452C35574A00B8642D /* ContentView.swift */ = {isa = PBXFileReference; lastKnownFileType = sourcecode.swift; path = ContentView.swift; sourceTree = "<group>"; };
		F53389472C35574C00B8642D /* Assets.xcassets */ = {isa = PBXFileReference; lastKnownFileType = folder.assetcatalog; path = Assets.xcassets; sourceTree = "<group>"; };
		F533894A2C35574C00B8642D /* Preview Assets.xcassets */ = {isa = PBXFileReference; lastKnownFileType = folder.assetcatalog; path = "Preview Assets.xcassets"; sourceTree = "<group>"; };
		F53389572C3558E600B8642D /* Constants.swift */ = {isa = PBXFileReference; lastKnownFileType = sourcecode.swift; path = Constants.swift; sourceTree = "<group>"; };
		F53389592C35594600B8642D /* Comic.swift */ = {isa = PBXFileReference; lastKnownFileType = sourcecode.swift; path = Comic.swift; sourceTree = "<group>"; };
		F533895B2C35596E00B8642D /* MarvelAPIClient.swift */ = {isa = PBXFileReference; lastKnownFileType = sourcecode.swift; path = MarvelAPIClient.swift; sourceTree = "<group>"; };
		F533895D2C3559A300B8642D /* ComicsViewModel.swift */ = {isa = PBXFileReference; lastKnownFileType = sourcecode.swift; path = ComicsViewModel.swift; sourceTree = "<group>"; };
		F533895F2C3559F200B8642D /* ComicRowView.swift */ = {isa = PBXFileReference; lastKnownFileType = sourcecode.swift; path = ComicRowView.swift; sourceTree = "<group>"; };
		F53389612C355BDE00B8642D /* Info.plist */ = {isa = PBXFileReference; lastKnownFileType = text.plist; path = Info.plist; sourceTree = "<group>"; };
/* End PBXFileReference section */

/* Begin PBXFrameworksBuildPhase section */
		F533893D2C35574A00B8642D /* Frameworks */ = {
			isa = PBXFrameworksBuildPhase;
			buildActionMask = 2147483647;
			files = (
			);
			runOnlyForDeploymentPostprocessing = 0;
		};
/* End PBXFrameworksBuildPhase section */

/* Begin PBXGroup section */
		F53389372C35574A00B8642D = {
			isa = PBXGroup;
			children = (
				F53389422C35574A00B8642D /* MarvelComicsApp */,
				F53389412C35574A00B8642D /* Products */,
			);
			sourceTree = "<group>";
		};
		F53389412C35574A00B8642D /* Products */ = {
			isa = PBXGroup;
			children = (
				F53389402C35574A00B8642D /* MarvelComicsApp.app */,
			);
			name = Products;
			sourceTree = "<group>";
		};
		F53389422C35574A00B8642D /* MarvelComicsApp */ = {
			isa = PBXGroup;
			children = (
				F53389612C355BDE00B8642D /* Info.plist */,
				F53389562C3557EE00B8642D /* Utilities */,
				F53389552C3557DD00B8642D /* Services */,
				F53389542C3557D200B8642D /* Views */,
				F53389532C3557CC00B8642D /* ViewModels */,
				F53389522C3557C000B8642D /* Models */,
				F53389472C35574C00B8642D /* Assets.xcassets */,
				F53389492C35574C00B8642D /* Preview Content */,
			);
			path = MarvelComicsApp;
			sourceTree = "<group>";
		};
		F53389492C35574C00B8642D /* Preview Content */ = {
			isa = PBXGroup;
			children = (
				F533894A2C35574C00B8642D /* Preview Assets.xcassets */,
			);
			path = "Preview Content";
			sourceTree = "<group>";
		};
		F53389522C3557C000B8642D /* Models */ = {
			isa = PBXGroup;
			children = (
				F53389592C35594600B8642D /* Comic.swift */,
			);
			path = Models;
			sourceTree = "<group>";
		};
		F53389532C3557CC00B8642D /* ViewModels */ = {
			isa = PBXGroup;
			children = (
				F533895D2C3559A300B8642D /* ComicsViewModel.swift */,
			);
			path = ViewModels;
			sourceTree = "<group>";
		};
		F53389542C3557D200B8642D /* Views */ = {
			isa = PBXGroup;
			children = (
				F533895F2C3559F200B8642D /* ComicRowView.swift */,
				F53389452C35574A00B8642D /* ContentView.swift */,
				F53389432C35574A00B8642D /* MarvelComicsAppApp.swift */,
			);
			path = Views;
			sourceTree = "<group>";
		};
		F53389552C3557DD00B8642D /* Services */ = {
			isa = PBXGroup;
			children = (
				F533895B2C35596E00B8642D /* MarvelAPIClient.swift */,
			);
			path = Services;
			sourceTree = "<group>";
		};
		F53389562C3557EE00B8642D /* Utilities */ = {
			isa = PBXGroup;
			children = (
				F53389572C3558E600B8642D /* Constants.swift */,
			);
			path = Utilities;
			sourceTree = "<group>";
		};
/* End PBXGroup section */

/* Begin PBXNativeTarget section */
		F533893F2C35574A00B8642D /* MarvelComicsApp */ = {
			isa = PBXNativeTarget;
			buildConfigurationList = F533894E2C35574C00B8642D /* Build configuration list for PBXNativeTarget "MarvelComicsApp" */;
			buildPhases = (
				F533893C2C35574A00B8642D /* Sources */,
				F533893D2C35574A00B8642D /* Frameworks */,
				F533893E2C35574A00B8642D /* Resources */,
			);
			buildRules = (
			);
			dependencies = (
			);
			name = MarvelComicsApp;
			productName = MarvelComicsApp;
			productReference = F53389402C35574A00B8642D /* MarvelComicsApp.app */;
			productType = "com.apple.product-type.application";
		};
/* End PBXNativeTarget section */

/* Begin PBXProject section */
		F53389382C35574A00B8642D /* Project object */ = {
			isa = PBXProject;
			attributes = {
				BuildIndependentTargetsInParallel = 1;
				LastSwiftUpdateCheck = 1540;
				LastUpgradeCheck = 1540;
				TargetAttributes = {
					F533893F2C35574A00B8642D = {
						CreatedOnToolsVersion = 15.4;
					};
				};
			};
			buildConfigurationList = F533893B2C35574A00B8642D /* Build configuration list for PBXProject "MarvelComicsApp" */;
			compatibilityVersion = "Xcode 14.0";
			developmentRegion = en;
			hasScannedForEncodings = 0;
			knownRegions = (
				en,
				Base,
			);
			mainGroup = F53389372C35574A00B8642D;
			productRefGroup = F53389412C35574A00B8642D /* Products */;
			projectDirPath = "";
			projectRoot = "";
			targets = (
				F533893F2C35574A00B8642D /* MarvelComicsApp */,
			);
		};
/* End PBXProject section */

/* Begin PBXResourcesBuildPhase section */
		F533893E2C35574A00B8642D /* Resources */ = {
			isa = PBXResourcesBuildPhase;
			buildActionMask = 2147483647;
			files = (
				F533894B2C35574C00B8642D /* Preview Assets.xcassets in Resources */,
				F53389482C35574C00B8642D /* Assets.xcassets in Resources */,
			);
			runOnlyForDeploymentPostprocessing = 0;
		};
/* End PBXResourcesBuildPhase section */

/* Begin PBXSourcesBuildPhase section */
		F533893C2C35574A00B8642D /* Sources */ = {
			isa = PBXSourcesBuildPhase;
			buildActionMask = 2147483647;
			files = (
				F533895E2C3559A400B8642D /* ComicsViewModel.swift in Sources */,
				F53389462C35574A00B8642D /* ContentView.swift in Sources */,
				F533895A2C35594700B8642D /* Comic.swift in Sources */,
				F533895C2C35596E00B8642D /* MarvelAPIClient.swift in Sources */,
				F53389442C35574A00B8642D /* MarvelComicsAppApp.swift in Sources */,
				F53389582C3558E600B8642D /* Constants.swift in Sources */,
				F53389602C3559F200B8642D /* ComicRowView.swift in Sources */,
			);
			runOnlyForDeploymentPostprocessing = 0;
		};
/* End PBXSourcesBuildPhase section */

/* Begin XCBuildConfiguration section */
		F533894C2C35574C00B8642D /* Debug */ = {
			isa = XCBuildConfiguration;
			buildSettings = {
				ALWAYS_SEARCH_USER_PATHS = NO;
				ASSETCATALOG_COMPILER_GENERATE_SWIFT_ASSET_SYMBOL_EXTENSIONS = YES;
				CLANG_ANALYZER_NONNULL = YES;
				CLANG_ANALYZER_NUMBER_OBJECT_CONVERSION = YES_AGGRESSIVE;
				CLANG_CXX_LANGUAGE_STANDARD = "gnu++20";
				CLANG_ENABLE_MODULES = YES;
				CLANG_ENABLE_OBJC_ARC = YES;
				CLANG_ENABLE_OBJC_WEAK = YES;
				CLANG_WARN_BLOCK_CAPTURE_AUTORELEASING = YES;
				CLANG_WARN_BOOL_CONVERSION = YES;
				CLANG_WARN_COMMA = YES;
				CLANG_WARN_CONSTANT_CONVERSION = YES;
				CLANG_WARN_DEPRECATED_OBJC_IMPLEMENTATIONS = YES;
				CLANG_WARN_DIRECT_OBJC_ISA_USAGE = YES_ERROR;
				CLANG_WARN_DOCUMENTATION_COMMENTS = YES;
				CLANG_WARN_EMPTY_BODY = YES;
				CLANG_WARN_ENUM_CONVERSION = YES;
				CLANG_WARN_INFINITE_RECURSION = YES;
				CLANG_WARN_INT_CONVERSION = YES;
				CLANG_WARN_NON_LITERAL_NULL_CONVERSION = YES;
				CLANG_WARN_OBJC_IMPLICIT_RETAIN_SELF = YES;
				CLANG_WARN_OBJC_LITERAL_CONVERSION = YES;
				CLANG_WARN_OBJC_ROOT_CLASS = YES_ERROR;
				CLANG_WARN_QUOTED_INCLUDE_IN_FRAMEWORK_HEADER = YES;
				CLANG_WARN_RANGE_LOOP_ANALYSIS = YES;
				CLANG_WARN_STRICT_PROTOTYPES = YES;
				CLANG_WARN_SUSPICIOUS_MOVE = YES;
				CLANG_WARN_UNGUARDED_AVAILABILITY = YES_AGGRESSIVE;
				CLANG_WARN_UNREACHABLE_CODE = YES;
				CLANG_WARN__DUPLICATE_METHOD_MATCH = YES;
				COPY_PHASE_STRIP = NO;
				DEBUG_INFORMATION_FORMAT = dwarf;
				ENABLE_STRICT_OBJC_MSGSEND = YES;
				ENABLE_TESTABILITY = YES;
				ENABLE_USER_SCRIPT_SANDBOXING = YES;
				GCC_C_LANGUAGE_STANDARD = gnu17;
				GCC_DYNAMIC_NO_PIC = NO;
				GCC_NO_COMMON_BLOCKS = YES;
				GCC_OPTIMIZATION_LEVEL = 0;
				GCC_PREPROCESSOR_DEFINITIONS = (
					"DEBUG=1",
					"$(inherited)",
				);
				GCC_WARN_64_TO_32_BIT_CONVERSION = YES;
				GCC_WARN_ABOUT_RETURN_TYPE = YES_ERROR;
				GCC_WARN_UNDECLARED_SELECTOR = YES;
				GCC_WARN_UNINITIALIZED_AUTOS = YES_AGGRESSIVE;
				GCC_WARN_UNUSED_FUNCTION = YES;
				GCC_WARN_UNUSED_VARIABLE = YES;
				IPHONEOS_DEPLOYMENT_TARGET = 17.5;
				LOCALIZATION_PREFERS_STRING_CATALOGS = YES;
				MTL_ENABLE_DEBUG_INFO = INCLUDE_SOURCE;
				MTL_FAST_MATH = YES;
				ONLY_ACTIVE_ARCH = YES;
				SDKROOT = iphoneos;
				SWIFT_ACTIVE_COMPILATION_CONDITIONS = "DEBUG $(inherited)";
				SWIFT_OPTIMIZATION_LEVEL = "-Onone";
			};
			name = Debug;
		};
		F533894D2C35574C00B8642D /* Release */ = {
			isa = XCBuildConfiguration;
			buildSettings = {
				ALWAYS_SEARCH_USER_PATHS = NO;
				ASSETCATALOG_COMPILER_GENERATE_SWIFT_ASSET_SYMBOL_EXTENSIONS = YES;
				CLANG_ANALYZER_NONNULL = YES;
				CLANG_ANALYZER_NUMBER_OBJECT_CONVERSION = YES_AGGRESSIVE;
				CLANG_CXX_LANGUAGE_STANDARD = "gnu++20";
				CLANG_ENABLE_MODULES = YES;
				CLANG_ENABLE_OBJC_ARC = YES;
				CLANG_ENABLE_OBJC_WEAK = YES;
				CLANG_WARN_BLOCK_CAPTURE_AUTORELEASING = YES;
				CLANG_WARN_BOOL_CONVERSION = YES;
				CLANG_WARN_COMMA = YES;
				CLANG_WARN_CONSTANT_CONVERSION = YES;
				CLANG_WARN_DEPRECATED_OBJC_IMPLEMENTATIONS = YES;
				CLANG_WARN_DIRECT_OBJC_ISA_USAGE = YES_ERROR;
				CLANG_WARN_DOCUMENTATION_COMMENTS = YES;
				CLANG_WARN_EMPTY_BODY = YES;
				CLANG_WARN_ENUM_CONVERSION = YES;
				CLANG_WARN_INFINITE_RECURSION = YES;
				CLANG_WARN_INT_CONVERSION = YES;
				CLANG_WARN_NON_LITERAL_NULL_CONVERSION = YES;
				CLANG_WARN_OBJC_IMPLICIT_RETAIN_SELF = YES;
				CLANG_WARN_OBJC_LITERAL_CONVERSION = YES;
				CLANG_WARN_OBJC_ROOT_CLASS = YES_ERROR;
				CLANG_WARN_QUOTED_INCLUDE_IN_FRAMEWORK_HEADER = YES;
				CLANG_WARN_RANGE_LOOP_ANALYSIS = YES;
				CLANG_WARN_STRICT_PROTOTYPES = YES;
				CLANG_WARN_SUSPICIOUS_MOVE = YES;
				CLANG_WARN_UNGUARDED_AVAILABILITY = YES_AGGRESSIVE;
				CLANG_WARN_UNREACHABLE_CODE = YES;
				CLANG_WARN__DUPLICATE_METHOD_MATCH = YES;
				COPY_PHASE_STRIP = NO;
				DEBUG_INFORMATION_FORMAT = "dwarf-with-dsym";
				ENABLE_NS_ASSERTIONS = NO;
				ENABLE_STRICT_OBJC_MSGSEND = YES;
				ENABLE_USER_SCRIPT_SANDBOXING = YES;
				GCC_C_LANGUAGE_STANDARD = gnu17;
				GCC_NO_COMMON_BLOCKS = YES;
				GCC_WARN_64_TO_32_BIT_CONVERSION = YES;
				GCC_WARN_ABOUT_RETURN_TYPE = YES_ERROR;
				GCC_WARN_UNDECLARED_SELECTOR = YES;
				GCC_WARN_UNINITIALIZED_AUTOS = YES_AGGRESSIVE;
				GCC_WARN_UNUSED_FUNCTION = YES;
				GCC_WARN_UNUSED_VARIABLE = YES;
				IPHONEOS_DEPLOYMENT_TARGET = 17.5;
				LOCALIZATION_PREFERS_STRING_CATALOGS = YES;
				MTL_ENABLE_DEBUG_INFO = NO;
				MTL_FAST_MATH = YES;
				SDKROOT = iphoneos;
				SWIFT_COMPILATION_MODE = wholemodule;
				VALIDATE_PRODUCT = YES;
			};
			name = Release;
		};
		F533894F2C35574C00B8642D /* Debug */ = {
			isa = XCBuildConfiguration;
			buildSettings = {
				ASSETCATALOG_COMPILER_APPICON_NAME = AppIcon;
				ASSETCATALOG_COMPILER_GLOBAL_ACCENT_COLOR_NAME = AccentColor;
				CODE_SIGN_STYLE = Automatic;
				CURRENT_PROJECT_VERSION = 1;
				DEVELOPMENT_ASSET_PATHS = "\"MarvelComicsApp/Preview Content\"";
				DEVELOPMENT_TEAM = YDM4QC6KDH;
				ENABLE_PREVIEWS = YES;
				GENERATE_INFOPLIST_FILE = YES;
				INFOPLIST_FILE = MarvelComicsApp/Info.plist;
				INFOPLIST_KEY_UIApplicationSceneManifest_Generation = YES;
				INFOPLIST_KEY_UIApplicationSupportsIndirectInputEvents = YES;
				INFOPLIST_KEY_UILaunchScreen_Generation = YES;
				INFOPLIST_KEY_UISupportedInterfaceOrientations_iPad = "UIInterfaceOrientationPortrait UIInterfaceOrientationPortraitUpsideDown UIInterfaceOrientationLandscapeLeft UIInterfaceOrientationLandscapeRight";
				INFOPLIST_KEY_UISupportedInterfaceOrientations_iPhone = "UIInterfaceOrientationPortrait UIInterfaceOrientationLandscapeLeft UIInterfaceOrientationLandscapeRight";
				LD_RUNPATH_SEARCH_PATHS = (
					"$(inherited)",
					"@executable_path/Frameworks",
				);
				MARKETING_VERSION = 1.0;
				PRODUCT_BUNDLE_IDENTIFIER = com.maksymov.MarvelComicsApp;
				PRODUCT_NAME = "$(TARGET_NAME)";
				SWIFT_EMIT_LOC_STRINGS = YES;
				SWIFT_VERSION = 5.0;
				TARGETED_DEVICE_FAMILY = "1,2";
			};
			name = Debug;
		};
		F53389502C35574C00B8642D /* Release */ = {
			isa = XCBuildConfiguration;
			buildSettings = {
				ASSETCATALOG_COMPILER_APPICON_NAME = AppIcon;
				ASSETCATALOG_COMPILER_GLOBAL_ACCENT_COLOR_NAME = AccentColor;
				CODE_SIGN_STYLE = Automatic;
				CURRENT_PROJECT_VERSION = 1;
				DEVELOPMENT_ASSET_PATHS = "\"MarvelComicsApp/Preview Content\"";
				DEVELOPMENT_TEAM = YDM4QC6KDH;
				ENABLE_PREVIEWS = YES;
				GENERATE_INFOPLIST_FILE = YES;
				INFOPLIST_FILE = MarvelComicsApp/Info.plist;
				INFOPLIST_KEY_UIApplicationSceneManifest_Generation = YES;
				INFOPLIST_KEY_UIApplicationSupportsIndirectInputEvents = YES;
				INFOPLIST_KEY_UILaunchScreen_Generation = YES;
				INFOPLIST_KEY_UISupportedInterfaceOrientations_iPad = "UIInterfaceOrientationPortrait UIInterfaceOrientationPortraitUpsideDown UIInterfaceOrientationLandscapeLeft UIInterfaceOrientationLandscapeRight";
				INFOPLIST_KEY_UISupportedInterfaceOrientations_iPhone = "UIInterfaceOrientationPortrait UIInterfaceOrientationLandscapeLeft UIInterfaceOrientationLandscapeRight";
				LD_RUNPATH_SEARCH_PATHS = (
					"$(inherited)",
					"@executable_path/Frameworks",
				);
				MARKETING_VERSION = 1.0;
				PRODUCT_BUNDLE_IDENTIFIER = com.maksymov.MarvelComicsApp;
				PRODUCT_NAME = "$(TARGET_NAME)";
				SWIFT_EMIT_LOC_STRINGS = YES;
				SWIFT_VERSION = 5.0;
				TARGETED_DEVICE_FAMILY = "1,2";
			};
			name = Release;
		};
/* End XCBuildConfiguration section */

/* Begin XCConfigurationList section */
		F533893B2C35574A00B8642D /* Build configuration list for PBXProject "MarvelComicsApp" */ = {
			isa = XCConfigurationList;
			buildConfigurations = (
				F533894C2C35574C00B8642D /* Debug */,
				F533894D2C35574C00B8642D /* Release */,
			);
			defaultConfigurationIsVisible = 0;
			defaultConfigurationName = Release;
		};
		F533894E2C35574C00B8642D /* Build configuration list for PBXNativeTarget "MarvelComicsApp" */ = {
			isa = XCConfigurationList;
			buildConfigurations = (
				F533894F2C35574C00B8642D /* Debug */,
				F53389502C35574C00B8642D /* Release */,
			);
			defaultConfigurationIsVisible = 0;
			defaultConfigurationName = Release;
		};
/* End XCConfigurationList section */
	};
	rootObject = F53389382C35574A00B8642D /* Project object */;
}
